// !$*UTF8*$!
{
	archiveVersion = 1;
	classes = {
	};
	objectVersion = 50;
	objects = {

/* Begin PBXBuildFile section */
		1960E05B2554DA0500677CB0 /* AppDelegate.swift in Sources */ = {isa = PBXBuildFile; fileRef = 1960E05A2554DA0500677CB0 /* AppDelegate.swift */; };
		1960E05D2554DA0500677CB0 /* SceneDelegate.swift in Sources */ = {isa = PBXBuildFile; fileRef = 1960E05C2554DA0500677CB0 /* SceneDelegate.swift */; };
		1960E05F2554DA0500677CB0 /* ConversionViewController.swift in Sources */ = {isa = PBXBuildFile; fileRef = 1960E05E2554DA0500677CB0 /* ConversionViewController.swift */; };
		1960E0622554DA0500677CB0 /* Main.storyboard in Resources */ = {isa = PBXBuildFile; fileRef = 1960E0602554DA0500677CB0 /* Main.storyboard */; };
		1960E0642554DA0700677CB0 /* Assets.xcassets in Resources */ = {isa = PBXBuildFile; fileRef = 1960E0632554DA0700677CB0 /* Assets.xcassets */; };
		1960E0672554DA0700677CB0 /* LaunchScreen.storyboard in Resources */ = {isa = PBXBuildFile; fileRef = 1960E0652554DA0700677CB0 /* LaunchScreen.storyboard */; };
		1960E0722554DA0700677CB0 /* WorldTrotterTests.swift in Sources */ = {isa = PBXBuildFile; fileRef = 1960E0712554DA0700677CB0 /* WorldTrotterTests.swift */; };
		1960E07D2554DA0700677CB0 /* WorldTrotterUITests.swift in Sources */ = {isa = PBXBuildFile; fileRef = 1960E07C2554DA0700677CB0 /* WorldTrotterUITests.swift */; };
		19EEB5EB259D368A0027020F /* MapKit.framework in Frameworks */ = {isa = PBXBuildFile; fileRef = 19EEB5EA259D368A0027020F /* MapKit.framework */; };
		19EEB5F0259D41B30027020F /* MapViewController.swift in Sources */ = {isa = PBXBuildFile; fileRef = 19EEB5EF259D41B30027020F /* MapViewController.swift */; };
/* End PBXBuildFile section */

/* Begin PBXContainerItemProxy section */
		1960E06E2554DA0700677CB0 /* PBXContainerItemProxy */ = {
			isa = PBXContainerItemProxy;
			containerPortal = 1960E04F2554DA0500677CB0 /* Project object */;
			proxyType = 1;
			remoteGlobalIDString = 1960E0562554DA0500677CB0;
			remoteInfo = WorldTrotter;
		};
		1960E0792554DA0700677CB0 /* PBXContainerItemProxy */ = {
			isa = PBXContainerItemProxy;
			containerPortal = 1960E04F2554DA0500677CB0 /* Project object */;
			proxyType = 1;
			remoteGlobalIDString = 1960E0562554DA0500677CB0;
			remoteInfo = WorldTrotter;
		};
/* End PBXContainerItemProxy section */

/* Begin PBXFileReference section */
		1960E0572554DA0500677CB0 /* WorldTrotter.app */ = {isa = PBXFileReference; explicitFileType = wrapper.application; includeInIndex = 0; path = WorldTrotter.app; sourceTree = BUILT_PRODUCTS_DIR; };
		1960E05A2554DA0500677CB0 /* AppDelegate.swift */ = {isa = PBXFileReference; lastKnownFileType = sourcecode.swift; path = AppDelegate.swift; sourceTree = "<group>"; };
		1960E05C2554DA0500677CB0 /* SceneDelegate.swift */ = {isa = PBXFileReference; lastKnownFileType = sourcecode.swift; path = SceneDelegate.swift; sourceTree = "<group>"; };
		1960E05E2554DA0500677CB0 /* ConversionViewController.swift */ = {isa = PBXFileReference; lastKnownFileType = sourcecode.swift; path = ConversionViewController.swift; sourceTree = "<group>"; };
		1960E0612554DA0500677CB0 /* Base */ = {isa = PBXFileReference; lastKnownFileType = file.storyboard; name = Base; path = Base.lproj/Main.storyboard; sourceTree = "<group>"; };
		1960E0632554DA0700677CB0 /* Assets.xcassets */ = {isa = PBXFileReference; lastKnownFileType = folder.assetcatalog; path = Assets.xcassets; sourceTree = "<group>"; };
		1960E0662554DA0700677CB0 /* Base */ = {isa = PBXFileReference; lastKnownFileType = file.storyboard; name = Base; path = Base.lproj/LaunchScreen.storyboard; sourceTree = "<group>"; };
		1960E0682554DA0700677CB0 /* Info.plist */ = {isa = PBXFileReference; lastKnownFileType = text.plist.xml; path = Info.plist; sourceTree = "<group>"; };
		1960E06D2554DA0700677CB0 /* WorldTrotterTests.xctest */ = {isa = PBXFileReference; explicitFileType = wrapper.cfbundle; includeInIndex = 0; path = WorldTrotterTests.xctest; sourceTree = BUILT_PRODUCTS_DIR; };
		1960E0712554DA0700677CB0 /* WorldTrotterTests.swift */ = {isa = PBXFileReference; lastKnownFileType = sourcecode.swift; path = WorldTrotterTests.swift; sourceTree = "<group>"; };
		1960E0732554DA0700677CB0 /* Info.plist */ = {isa = PBXFileReference; lastKnownFileType = text.plist.xml; path = Info.plist; sourceTree = "<group>"; };
		1960E0782554DA0700677CB0 /* WorldTrotterUITests.xctest */ = {isa = PBXFileReference; explicitFileType = wrapper.cfbundle; includeInIndex = 0; path = WorldTrotterUITests.xctest; sourceTree = BUILT_PRODUCTS_DIR; };
		1960E07C2554DA0700677CB0 /* WorldTrotterUITests.swift */ = {isa = PBXFileReference; lastKnownFileType = sourcecode.swift; path = WorldTrotterUITests.swift; sourceTree = "<group>"; };
		1960E07E2554DA0700677CB0 /* Info.plist */ = {isa = PBXFileReference; lastKnownFileType = text.plist.xml; path = Info.plist; sourceTree = "<group>"; };
		19EEB5EA259D368A0027020F /* MapKit.framework */ = {isa = PBXFileReference; lastKnownFileType = wrapper.framework; name = MapKit.framework; path = System/Library/Frameworks/MapKit.framework; sourceTree = SDKROOT; };
		19EEB5EF259D41B30027020F /* MapViewController.swift */ = {isa = PBXFileReference; lastKnownFileType = sourcecode.swift; path = MapViewController.swift; sourceTree = "<group>"; };
/* End PBXFileReference section */

/* Begin PBXFrameworksBuildPhase section */
		1960E0542554DA0500677CB0 /* Frameworks */ = {
			isa = PBXFrameworksBuildPhase;
			buildActionMask = 2147483647;
			files = (
				19EEB5EB259D368A0027020F /* MapKit.framework in Frameworks */,
			);
			runOnlyForDeploymentPostprocessing = 0;
		};
		1960E06A2554DA0700677CB0 /* Frameworks */ = {
			isa = PBXFrameworksBuildPhase;
			buildActionMask = 2147483647;
			files = (
			);
			runOnlyForDeploymentPostprocessing = 0;
		};
		1960E0752554DA0700677CB0 /* Frameworks */ = {
			isa = PBXFrameworksBuildPhase;
			buildActionMask = 2147483647;
			files = (
			);
			runOnlyForDeploymentPostprocessing = 0;
		};
/* End PBXFrameworksBuildPhase section */

/* Begin PBXGroup section */
		1960E04E2554DA0500677CB0 = {
			isa = PBXGroup;
			children = (
				1960E0592554DA0500677CB0 /* WorldTrotter */,
				1960E0702554DA0700677CB0 /* WorldTrotterTests */,
				1960E07B2554DA0700677CB0 /* WorldTrotterUITests */,
				1960E0582554DA0500677CB0 /* Products */,
				19EEB5E9259D36890027020F /* Frameworks */,
			);
			sourceTree = "<group>";
		};
		1960E0582554DA0500677CB0 /* Products */ = {
			isa = PBXGroup;
			children = (
				1960E0572554DA0500677CB0 /* WorldTrotter.app */,
				1960E06D2554DA0700677CB0 /* WorldTrotterTests.xctest */,
				1960E0782554DA0700677CB0 /* WorldTrotterUITests.xctest */,
			);
			name = Products;
			sourceTree = "<group>";
		};
		1960E0592554DA0500677CB0 /* WorldTrotter */ = {
			isa = PBXGroup;
			children = (
				1960E05A2554DA0500677CB0 /* AppDelegate.swift */,
				1960E05C2554DA0500677CB0 /* SceneDelegate.swift */,
				1960E05E2554DA0500677CB0 /* ConversionViewController.swift */,
				19EEB5EF259D41B30027020F /* MapViewController.swift */,
				1960E0602554DA0500677CB0 /* Main.storyboard */,
				1960E0632554DA0700677CB0 /* Assets.xcassets */,
				1960E0652554DA0700677CB0 /* LaunchScreen.storyboard */,
				1960E0682554DA0700677CB0 /* Info.plist */,
			);
			path = WorldTrotter;
			sourceTree = "<group>";
		};
		1960E0702554DA0700677CB0 /* WorldTrotterTests */ = {
			isa = PBXGroup;
			children = (
				1960E0712554DA0700677CB0 /* WorldTrotterTests.swift */,
				1960E0732554DA0700677CB0 /* Info.plist */,
			);
			path = WorldTrotterTests;
			sourceTree = "<group>";
		};
		1960E07B2554DA0700677CB0 /* WorldTrotterUITests */ = {
			isa = PBXGroup;
			children = (
				1960E07C2554DA0700677CB0 /* WorldTrotterUITests.swift */,
				1960E07E2554DA0700677CB0 /* Info.plist */,
			);
			path = WorldTrotterUITests;
			sourceTree = "<group>";
		};
		19EEB5E9259D36890027020F /* Frameworks */ = {
			isa = PBXGroup;
			children = (
				19EEB5EA259D368A0027020F /* MapKit.framework */,
			);
			name = Frameworks;
			sourceTree = "<group>";
		};
/* End PBXGroup section */

/* Begin PBXNativeTarget section */
		1960E0562554DA0500677CB0 /* WorldTrotter */ = {
			isa = PBXNativeTarget;
			buildConfigurationList = 1960E0812554DA0700677CB0 /* Build configuration list for PBXNativeTarget "WorldTrotter" */;
			buildPhases = (
				1960E0532554DA0500677CB0 /* Sources */,
				1960E0542554DA0500677CB0 /* Frameworks */,
				1960E0552554DA0500677CB0 /* Resources */,
			);
			buildRules = (
			);
			dependencies = (
			);
			name = WorldTrotter;
			productName = WorldTrotter;
			productReference = 1960E0572554DA0500677CB0 /* WorldTrotter.app */;
			productType = "com.apple.product-type.application";
		};
		1960E06C2554DA0700677CB0 /* WorldTrotterTests */ = {
			isa = PBXNativeTarget;
			buildConfigurationList = 1960E0842554DA0700677CB0 /* Build configuration list for PBXNativeTarget "WorldTrotterTests" */;
			buildPhases = (
				1960E0692554DA0700677CB0 /* Sources */,
				1960E06A2554DA0700677CB0 /* Frameworks */,
				1960E06B2554DA0700677CB0 /* Resources */,
			);
			buildRules = (
			);
			dependencies = (
				1960E06F2554DA0700677CB0 /* PBXTargetDependency */,
			);
			name = WorldTrotterTests;
			productName = WorldTrotterTests;
			productReference = 1960E06D2554DA0700677CB0 /* WorldTrotterTests.xctest */;
			productType = "com.apple.product-type.bundle.unit-test";
		};
		1960E0772554DA0700677CB0 /* WorldTrotterUITests */ = {
			isa = PBXNativeTarget;
			buildConfigurationList = 1960E0872554DA0700677CB0 /* Build configuration list for PBXNativeTarget "WorldTrotterUITests" */;
			buildPhases = (
				1960E0742554DA0700677CB0 /* Sources */,
				1960E0752554DA0700677CB0 /* Frameworks */,
				1960E0762554DA0700677CB0 /* Resources */,
			);
			buildRules = (
			);
			dependencies = (
				1960E07A2554DA0700677CB0 /* PBXTargetDependency */,
			);
			name = WorldTrotterUITests;
			productName = WorldTrotterUITests;
			productReference = 1960E0782554DA0700677CB0 /* WorldTrotterUITests.xctest */;
			productType = "com.apple.product-type.bundle.ui-testing";
		};
/* End PBXNativeTarget section */

/* Begin PBXProject section */
		1960E04F2554DA0500677CB0 /* Project object */ = {
			isa = PBXProject;
			attributes = {
				LastSwiftUpdateCheck = 1210;
				LastUpgradeCheck = 1210;
				TargetAttributes = {
					1960E0562554DA0500677CB0 = {
						CreatedOnToolsVersion = 12.1;
					};
					1960E06C2554DA0700677CB0 = {
						CreatedOnToolsVersion = 12.1;
						TestTargetID = 1960E0562554DA0500677CB0;
					};
					1960E0772554DA0700677CB0 = {
						CreatedOnToolsVersion = 12.1;
						TestTargetID = 1960E0562554DA0500677CB0;
					};
				};
			};
			buildConfigurationList = 1960E0522554DA0500677CB0 /* Build configuration list for PBXProject "WorldTrotter" */;
			compatibilityVersion = "Xcode 9.3";
			developmentRegion = en;
			hasScannedForEncodings = 0;
			knownRegions = (
				en,
				Base,
			);
			mainGroup = 1960E04E2554DA0500677CB0;
			productRefGroup = 1960E0582554DA0500677CB0 /* Products */;
			projectDirPath = "";
			projectRoot = "";
			targets = (
				1960E0562554DA0500677CB0 /* WorldTrotter */,
				1960E06C2554DA0700677CB0 /* WorldTrotterTests */,
				1960E0772554DA0700677CB0 /* WorldTrotterUITests */,
			);
		};
/* End PBXProject section */

/* Begin PBXResourcesBuildPhase section */
		1960E0552554DA0500677CB0 /* Resources */ = {
			isa = PBXResourcesBuildPhase;
			buildActionMask = 2147483647;
			files = (
				1960E0672554DA0700677CB0 /* LaunchScreen.storyboard in Resources */,
				1960E0642554DA0700677CB0 /* Assets.xcassets in Resources */,
				1960E0622554DA0500677CB0 /* Main.storyboard in Resources */,
			);
			runOnlyForDeploymentPostprocessing = 0;
		};
		1960E06B2554DA0700677CB0 /* Resources */ = {
			isa = PBXResourcesBuildPhase;
			buildActionMask = 2147483647;
			files = (
			);
			runOnlyForDeploymentPostprocessing = 0;
		};
		1960E0762554DA0700677CB0 /* Resources */ = {
			isa = PBXResourcesBuildPhase;
			buildActionMask = 2147483647;
			files = (
			);
			runOnlyForDeploymentPostprocessing = 0;
		};
/* End PBXResourcesBuildPhase section */

/* Begin PBXSourcesBuildPhase section */
		1960E0532554DA0500677CB0 /* Sources */ = {
			isa = PBXSourcesBuildPhase;
			buildActionMask = 2147483647;
			files = (
				1960E05F2554DA0500677CB0 /* ConversionViewController.swift in Sources */,
				1960E05B2554DA0500677CB0 /* AppDelegate.swift in Sources */,
				1960E05D2554DA0500677CB0 /* SceneDelegate.swift in Sources */,
				19EEB5F0259D41B30027020F /* MapViewController.swift in Sources */,
			);
			runOnlyForDeploymentPostprocessing = 0;
		};
		1960E0692554DA0700677CB0 /* Sources */ = {
			isa = PBXSourcesBuildPhase;
			buildActionMask = 2147483647;
			files = (
				1960E0722554DA0700677CB0 /* WorldTrotterTests.swift in Sources */,
			);
			runOnlyForDeploymentPostprocessing = 0;
		};
		1960E0742554DA0700677CB0 /* Sources */ = {
			isa = PBXSourcesBuildPhase;
			buildActionMask = 2147483647;
			files = (
				1960E07D2554DA0700677CB0 /* WorldTrotterUITests.swift in Sources */,
			);
			runOnlyForDeploymentPostprocessing = 0;
		};
/* End PBXSourcesBuildPhase section */

/* Begin PBXTargetDependency section */
		1960E06F2554DA0700677CB0 /* PBXTargetDependency */ = {
			isa = PBXTargetDependency;
			target = 1960E0562554DA0500677CB0 /* WorldTrotter */;
			targetProxy = 1960E06E2554DA0700677CB0 /* PBXContainerItemProxy */;
		};
		1960E07A2554DA0700677CB0 /* PBXTargetDependency */ = {
			isa = PBXTargetDependency;
			target = 1960E0562554DA0500677CB0 /* WorldTrotter */;
			targetProxy = 1960E0792554DA0700677CB0 /* PBXContainerItemProxy */;
		};
/* End PBXTargetDependency section */

/* Begin PBXVariantGroup section */
		1960E0602554DA0500677CB0 /* Main.storyboard */ = {
			isa = PBXVariantGroup;
			children = (
				1960E0612554DA0500677CB0 /* Base */,
			);
			name = Main.storyboard;
			sourceTree = "<group>";
		};
		1960E0652554DA0700677CB0 /* LaunchScreen.storyboard */ = {
			isa = PBXVariantGroup;
			children = (
				1960E0662554DA0700677CB0 /* Base */,
			);
			name = LaunchScreen.storyboard;
			sourceTree = "<group>";
		};
/* End PBXVariantGroup section */

/* Begin XCBuildConfiguration section */
		1960E07F2554DA0700677CB0 /* Debug */ = {
			isa = XCBuildConfiguration;
			buildSettings = {
				ALWAYS_SEARCH_USER_PATHS = NO;
				CLANG_ANALYZER_NONNULL = YES;
				CLANG_ANALYZER_NUMBER_OBJECT_CONVERSION = YES_AGGRESSIVE;
				CLANG_CXX_LANGUAGE_STANDARD = "gnu++14";
				CLANG_CXX_LIBRARY = "libc++";
				CLANG_ENABLE_MODULES = YES;
				CLANG_ENABLE_OBJC_ARC = YES;
				CLANG_ENABLE_OBJC_WEAK = YES;
				CLANG_WARN_BLOCK_CAPTURE_AUTORELEASING = YES;
				CLANG_WARN_BOOL_CONVERSION = YES;
				CLANG_WARN_COMMA = YES;
				CLANG_WARN_CONSTANT_CONVERSION = YES;
				CLANG_WARN_DEPRECATED_OBJC_IMPLEMENTATIONS = YES;
				CLANG_WARN_DIRECT_OBJC_ISA_USAGE = YES_ERROR;
				CLANG_WARN_DOCUMENTATION_COMMENTS = YES;
				CLANG_WARN_EMPTY_BODY = YES;
				CLANG_WARN_ENUM_CONVERSION = YES;
				CLANG_WARN_INFINITE_RECURSION = YES;
				CLANG_WARN_INT_CONVERSION = YES;
				CLANG_WARN_NON_LITERAL_NULL_CONVERSION = YES;
				CLANG_WARN_OBJC_IMPLICIT_RETAIN_SELF = YES;
				CLANG_WARN_OBJC_LITERAL_CONVERSION = YES;
				CLANG_WARN_OBJC_ROOT_CLASS = YES_ERROR;
				CLANG_WARN_QUOTED_INCLUDE_IN_FRAMEWORK_HEADER = YES;
				CLANG_WARN_RANGE_LOOP_ANALYSIS = YES;
				CLANG_WARN_STRICT_PROTOTYPES = YES;
				CLANG_WARN_SUSPICIOUS_MOVE = YES;
				CLANG_WARN_UNGUARDED_AVAILABILITY = YES_AGGRESSIVE;
				CLANG_WARN_UNREACHABLE_CODE = YES;
				CLANG_WARN__DUPLICATE_METHOD_MATCH = YES;
				COPY_PHASE_STRIP = NO;
				DEBUG_INFORMATION_FORMAT = dwarf;
				ENABLE_STRICT_OBJC_MSGSEND = YES;
				ENABLE_TESTABILITY = YES;
				GCC_C_LANGUAGE_STANDARD = gnu11;
				GCC_DYNAMIC_NO_PIC = NO;
				GCC_NO_COMMON_BLOCKS = YES;
				GCC_OPTIMIZATION_LEVEL = 0;
				GCC_PREPROCESSOR_DEFINITIONS = (
					"DEBUG=1",
					"$(inherited)",
				);
				GCC_WARN_64_TO_32_BIT_CONVERSION = YES;
				GCC_WARN_ABOUT_RETURN_TYPE = YES_ERROR;
				GCC_WARN_UNDECLARED_SELECTOR = YES;
				GCC_WARN_UNINITIALIZED_AUTOS = YES_AGGRESSIVE;
				GCC_WARN_UNUSED_FUNCTION = YES;
				GCC_WARN_UNUSED_VARIABLE = YES;
				IPHONEOS_DEPLOYMENT_TARGET = 14.1;
				MTL_ENABLE_DEBUG_INFO = INCLUDE_SOURCE;
				MTL_FAST_MATH = YES;
				ONLY_ACTIVE_ARCH = YES;
				SDKROOT = iphoneos;
				SWIFT_ACTIVE_COMPILATION_CONDITIONS = DEBUG;
				SWIFT_OPTIMIZATION_LEVEL = "-Onone";
			};
			name = Debug;
		};
		1960E0802554DA0700677CB0 /* Release */ = {
			isa = XCBuildConfiguration;
			buildSettings = {
				ALWAYS_SEARCH_USER_PATHS = NO;
				CLANG_ANALYZER_NONNULL = YES;
				CLANG_ANALYZER_NUMBER_OBJECT_CONVERSION = YES_AGGRESSIVE;
				CLANG_CXX_LANGUAGE_STANDARD = "gnu++14";
				CLANG_CXX_LIBRARY = "libc++";
				CLANG_ENABLE_MODULES = YES;
				CLANG_ENABLE_OBJC_ARC = YES;
				CLANG_ENABLE_OBJC_WEAK = YES;
				CLANG_WARN_BLOCK_CAPTURE_AUTORELEASING = YES;
				CLANG_WARN_BOOL_CONVERSION = YES;
				CLANG_WARN_COMMA = YES;
				CLANG_WARN_CONSTANT_CONVERSION = YES;
				CLANG_WARN_DEPRECATED_OBJC_IMPLEMENTATIONS = YES;
				CLANG_WARN_DIRECT_OBJC_ISA_USAGE = YES_ERROR;
				CLANG_WARN_DOCUMENTATION_COMMENTS = YES;
				CLANG_WARN_EMPTY_BODY = YES;
				CLANG_WARN_ENUM_CONVERSION = YES;
				CLANG_WARN_INFINITE_RECURSION = YES;
				CLANG_WARN_INT_CONVERSION = YES;
				CLANG_WARN_NON_LITERAL_NULL_CONVERSION = YES;
				CLANG_WARN_OBJC_IMPLICIT_RETAIN_SELF = YES;
				CLANG_WARN_OBJC_LITERAL_CONVERSION = YES;
				CLANG_WARN_OBJC_ROOT_CLASS = YES_ERROR;
				CLANG_WARN_QUOTED_INCLUDE_IN_FRAMEWORK_HEADER = YES;
				CLANG_WARN_RANGE_LOOP_ANALYSIS = YES;
				CLANG_WARN_STRICT_PROTOTYPES = YES;
				CLANG_WARN_SUSPICIOUS_MOVE = YES;
				CLANG_WARN_UNGUARDED_AVAILABILITY = YES_AGGRESSIVE;
				CLANG_WARN_UNREACHABLE_CODE = YES;
				CLANG_WARN__DUPLICATE_METHOD_MATCH = YES;
				COPY_PHASE_STRIP = NO;
				DEBUG_INFORMATION_FORMAT = "dwarf-with-dsym";
				ENABLE_NS_ASSERTIONS = NO;
				ENABLE_STRICT_OBJC_MSGSEND = YES;
				GCC_C_LANGUAGE_STANDARD = gnu11;
				GCC_NO_COMMON_BLOCKS = YES;
				GCC_WARN_64_TO_32_BIT_CONVERSION = YES;
				GCC_WARN_ABOUT_RETURN_TYPE = YES_ERROR;
				GCC_WARN_UNDECLARED_SELECTOR = YES;
				GCC_WARN_UNINITIALIZED_AUTOS = YES_AGGRESSIVE;
				GCC_WARN_UNUSED_FUNCTION = YES;
				GCC_WARN_UNUSED_VARIABLE = YES;
				IPHONEOS_DEPLOYMENT_TARGET = 14.1;
				MTL_ENABLE_DEBUG_INFO = NO;
				MTL_FAST_MATH = YES;
				SDKROOT = iphoneos;
				SWIFT_COMPILATION_MODE = wholemodule;
				SWIFT_OPTIMIZATION_LEVEL = "-O";
				VALIDATE_PRODUCT = YES;
			};
			name = Release;
		};
		1960E0822554DA0700677CB0 /* Debug */ = {
			isa = XCBuildConfiguration;
			buildSettings = {
				ASSETCATALOG_COMPILER_APPICON_NAME = AppIcon;
				ASSETCATALOG_COMPILER_GLOBAL_ACCENT_COLOR_NAME = AccentColor;
				CODE_SIGN_STYLE = Automatic;
				DEVELOPMENT_TEAM = Z7F2HM5PGN;
				INFOPLIST_FILE = WorldTrotter/Info.plist;
				LD_RUNPATH_SEARCH_PATHS = (
					"$(inherited)",
					"@executable_path/Frameworks",
				);
				PRODUCT_BUNDLE_IDENTIFIER = com.bignerdranch.WorldTrotter;
				PRODUCT_NAME = "$(TARGET_NAME)";
				SWIFT_VERSION = 5.0;
				TARGETED_DEVICE_FAMILY = "1,2";
			};
			name = Debug;
		};
		1960E0832554DA0700677CB0 /* Release */ = {
			isa = XCBuildConfiguration;
			buildSettings = {
				ASSETCATALOG_COMPILER_APPICON_NAME = AppIcon;
				ASSETCATALOG_COMPILER_GLOBAL_ACCENT_COLOR_NAME = AccentColor;
				CODE_SIGN_STYLE = Automatic;
				DEVELOPMENT_TEAM = Z7F2HM5PGN;
				INFOPLIST_FILE = WorldTrotter/Info.plist;
				LD_RUNPATH_SEARCH_PATHS = (
					"$(inherited)",
					"@executable_path/Frameworks",
				);
				PRODUCT_BUNDLE_IDENTIFIER = com.bignerdranch.WorldTrotter;
				PRODUCT_NAME = "$(TARGET_NAME)";
				SWIFT_VERSION = 5.0;
				TARGETED_DEVICE_FAMILY = "1,2";
			};
			name = Release;
		};
		1960E0852554DA0700677CB0 /* Debug */ = {
			isa = XCBuildConfiguration;
			buildSettings = {
				ALWAYS_EMBED_SWIFT_STANDARD_LIBRARIES = YES;
				BUNDLE_LOADER = "$(TEST_HOST)";
				CODE_SIGN_STYLE = Automatic;
				DEVELOPMENT_TEAM = Z7F2HM5PGN;
				INFOPLIST_FILE = WorldTrotterTests/Info.plist;
				IPHONEOS_DEPLOYMENT_TARGET = 14.1;
				LD_RUNPATH_SEARCH_PATHS = (
					"$(inherited)",
					"@executable_path/Frameworks",
					"@loader_path/Frameworks",
				);
				PRODUCT_BUNDLE_IDENTIFIER = com.bignerdranch.WorldTrotterTests;
				PRODUCT_NAME = "$(TARGET_NAME)";
				SWIFT_VERSION = 5.0;
				TARGETED_DEVICE_FAMILY = "1,2";
				TEST_HOST = "$(BUILT_PRODUCTS_DIR)/WorldTrotter.app/WorldTrotter";
			};
			name = Debug;
		};
		1960E0862554DA0700677CB0 /* Release */ = {
			isa = XCBuildConfiguration;
			buildSettings = {
				ALWAYS_EMBED_SWIFT_STANDARD_LIBRARIES = YES;
				BUNDLE_LOADER = "$(TEST_HOST)";
				CODE_SIGN_STYLE = Automatic;
				DEVELOPMENT_TEAM = Z7F2HM5PGN;
				INFOPLIST_FILE = WorldTrotterTests/Info.plist;
				IPHONEOS_DEPLOYMENT_TARGET = 14.1;
				LD_RUNPATH_SEARCH_PATHS = (
					"$(inherited)",
					"@executable_path/Frameworks",
					"@loader_path/Frameworks",
				);
				PRODUCT_BUNDLE_IDENTIFIER = com.bignerdranch.WorldTrotterTests;
				PRODUCT_NAME = "$(TARGET_NAME)";
				SWIFT_VERSION = 5.0;
				TARGETED_DEVICE_FAMILY = "1,2";
				TEST_HOST = "$(BUILT_PRODUCTS_DIR)/WorldTrotter.app/WorldTrotter";
			};
			name = Release;
		};
		1960E0882554DA0700677CB0 /* Debug */ = {
			isa = XCBuildConfiguration;
			buildSettings = {
				ALWAYS_EMBED_SWIFT_STANDARD_LIBRARIES = YES;
				CODE_SIGN_STYLE = Automatic;
				DEVELOPMENT_TEAM = Z7F2HM5PGN;
				INFOPLIST_FILE = WorldTrotterUITests/Info.plist;
				LD_RUNPATH_SEARCH_PATHS = (
					"$(inherited)",
					"@executable_path/Frameworks",
					"@loader_path/Frameworks",
				);
				PRODUCT_BUNDLE_IDENTIFIER = com.bignerdranch.WorldTrotterUITests;
				PRODUCT_NAME = "$(TARGET_NAME)";
				SWIFT_VERSION = 5.0;
				TARGETED_DEVICE_FAMILY = "1,2";
				TEST_TARGET_NAME = WorldTrotter;
			};
			name = Debug;
		};
		1960E0892554DA0700677CB0 /* Release */ = {
			isa = XCBuildConfiguration;
			buildSettings = {
				ALWAYS_EMBED_SWIFT_STANDARD_LIBRARIES = YES;
				CODE_SIGN_STYLE = Automatic;
				DEVELOPMENT_TEAM = Z7F2HM5PGN;
				INFOPLIST_FILE = WorldTrotterUITests/Info.plist;
				LD_RUNPATH_SEARCH_PATHS = (
					"$(inherited)",
					"@executable_path/Frameworks",
					"@loader_path/Frameworks",
				);
				PRODUCT_BUNDLE_IDENTIFIER = com.bignerdranch.WorldTrotterUITests;
				PRODUCT_NAME = "$(TARGET_NAME)";
				SWIFT_VERSION = 5.0;
				TARGETED_DEVICE_FAMILY = "1,2";
				TEST_TARGET_NAME = WorldTrotter;
			};
			name = Release;
		};
/* End XCBuildConfiguration section */

/* Begin XCConfigurationList section */
		1960E0522554DA0500677CB0 /* Build configuration list for PBXProject "WorldTrotter" */ = {
			isa = XCConfigurationList;
			buildConfigurations = (
				1960E07F2554DA0700677CB0 /* Debug */,
				1960E0802554DA0700677CB0 /* Release */,
			);
			defaultConfigurationIsVisible = 0;
			defaultConfigurationName = Release;
		};
		1960E0812554DA0700677CB0 /* Build configuration list for PBXNativeTarget "WorldTrotter" */ = {
			isa = XCConfigurationList;
			buildConfigurations = (
				1960E0822554DA0700677CB0 /* Debug */,
				1960E0832554DA0700677CB0 /* Release */,
			);
			defaultConfigurationIsVisible = 0;
			defaultConfigurationName = Release;
		};
		1960E0842554DA0700677CB0 /* Build configuration list for PBXNativeTarget "WorldTrotterTests" */ = {
			isa = XCConfigurationList;
			buildConfigurations = (
				1960E0852554DA0700677CB0 /* Debug */,
				1960E0862554DA0700677CB0 /* Release */,
			);
			defaultConfigurationIsVisible = 0;
			defaultConfigurationName = Release;
		};
		1960E0872554DA0700677CB0 /* Build configuration list for PBXNativeTarget "WorldTrotterUITests" */ = {
			isa = XCConfigurationList;
			buildConfigurations = (
				1960E0882554DA0700677CB0 /* Debug */,
				1960E0892554DA0700677CB0 /* Release */,
			);
			defaultConfigurationIsVisible = 0;
			defaultConfigurationName = Release;
		};
/* End XCConfigurationList section */
	};
	rootObject = 1960E04F2554DA0500677CB0 /* Project object */;
}
